{
  "name": "patricialopes",
  "version": "1.0.2",
  "lockfileVersion": 3,
  "requires": true,
  "packages": {
    "": {
      "name": "patricialopes",
      "version": "1.0.2",
      "hasInstallScript": true,
      "devDependencies": {
        "@sanity/cli": "^1.150.7"
      }
    },
    "node_modules/@sanity/cli": {
      "version": "1.150.7",
      "resolved": "https://registry.npmjs.org/@sanity/cli/-/cli-1.150.7.tgz",
      "integrity": "sha512-wJhRLzyy2RfkuxiIcrUL8zYe4+xWCWib8bJJ5q8H9NkgaENX3GZLcUnQ/1sD9PYCNZDouRI5rw6fSeEsyRe6Hw==",
      "dev": true,
      "bin": {
        "sanity": "bin/sanity"
      },
      "engines": {
        "node": ">=10.0.0"
      }
    }
  }
}
