# THIS IS AN AUTOGENERATED FILE. DO NOT EDIT THIS FILE DIRECTLY.
# yarn lockfile v1


"@sanity/cli@^1.149.16":
  version "1.150.7"
  resolved "https://registry.yarnpkg.com/@sanity/cli/-/cli-1.150.7.tgz#93d943b8ffa0bcf16bf255c926a25a2503143b33"
  integrity sha512-wJhRLzyy2RfkuxiIcrUL8zYe4+xWCWib8bJJ5q8H9NkgaENX3GZLcUnQ/1sD9PYCNZDouRI5rw6fSeEsyRe6Hw==
